
Microsoft Visual Studio Solution File, Format Version 12.00
# Visual Studio Version 17
VisualStudioVersion = 17.3.32811.315
MinimumVisualStudioVersion = 10.0.40219.1
Project("{9A19103F-16F7-4668-BE54-9A1E7A4F7556}") = "OnlineShopWebApp3", "OnlineShopWebApp3\OnlineShopWebApp3.csproj", "{C50DCCE6-7418-4C9E-B556-E6FE9B6D38F8}"
EndProject
Global
	GlobalSection(SolutionConfigurationPlatforms) = preSolution
		Debug|Any CPU = Debug|Any CPU
		Release|Any CPU = Release|Any CPU
	EndGlobalSection
	GlobalSection(ProjectConfigurationPlatforms) = postSolution
		{C50DCCE6-7418-4C9E-B556-E6FE9B6D38F8}.Debug|Any CPU.ActiveCfg = Debug|Any CPU
		{C50DCCE6-7418-4C9E-B556-E6FE9B6D38F8}.Debug|Any CPU.Build.0 = Debug|Any CPU
		{C50DCCE6-7418-4C9E-B556-E6FE9B6D38F8}.Release|Any CPU.ActiveCfg = Debug|Any CPU
		{C50DCCE6-7418-4C9E-B556-E6FE9B6D38F8}.Release|Any CPU.Build.0 = Debug|Any CPU
	EndGlobalSection
	GlobalSection(SolutionProperties) = preSolution
		HideSolutionNode = FALSE
	EndGlobalSection
	GlobalSection(ExtensibilityGlobals) = postSolution
		SolutionGuid = {6003945E-232D-4C4D-8EAF-8232356F0C4A}
	EndGlobalSection
EndGlobal
